
Microsoft Visual Studio Solution File, Format Version 12.00
# Visual Studio Version 16
VisualStudioVersion = 16.0.29709.97
MinimumVisualStudioVersion = 10.0.40219.1
Project("{FAE04EC0-301F-11D3-BF4B-00C04F79EFBC}") = "Hello World", "Hello World.csproj", "{B95863BB-5693-4328-8D33-5F9E20FBB49E}"
EndProject
Global
	GlobalSection(SolutionConfigurationPlatforms) = preSolution
		Debug|Any CPU = Debug|Any CPU
		Release|Any CPU = Release|Any CPU
	EndGlobalSection
	GlobalSection(ProjectConfigurationPlatforms) = postSolution
		{B95863BB-5693-4328-8D33-5F9E20FBB49E}.Debug|Any CPU.ActiveCfg = Debug|Any CPU
		{B95863BB-5693-4328-8D33-5F9E20FBB49E}.Debug|Any CPU.Build.0 = Debug|Any CPU
		{B95863BB-5693-4328-8D33-5F9E20FBB49E}.Release|Any CPU.ActiveCfg = Release|Any CPU
		{B95863BB-5693-4328-8D33-5F9E20FBB49E}.Release|Any CPU.Build.0 = Release|Any CPU
	EndGlobalSection
	GlobalSection(SolutionProperties) = preSolution
		HideSolutionNode = FALSE
	EndGlobalSection
	GlobalSection(ExtensibilityGlobals) = postSolution
		SolutionGuid = {4BA58ED4-49CA-4D84-BE73-75AC894C57DA}
	EndGlobalSection
EndGlobal
